
Microsoft Visual Studio Solution File, Format Version 12.00
# Visual Studio Version 17
VisualStudioVersion = 17.0.31903.59
MinimumVisualStudioVersion = 10.0.40219.1
Project("{9A19103F-16F7-4668-BE54-9A1E7A4F7556}") = "Domain", "src\Domain\Domain.csproj", "{E383FD7A-AB61-4C00-A863-D615519858BC}"
EndProject
Project("{9A19103F-16F7-4668-BE54-9A1E7A4F7556}") = "Infrastructure", "src\Infrastructure\Infrastructure.csproj", "{EBF4392D-420C-4DE1-8A57-A4F5556EEAF0}"
EndProject
Project("{9A19103F-16F7-4668-BE54-9A1E7A4F7556}") = "Service", "src\Service\Service.csproj", "{6FF353D4-FE01-4732-B914-18B85C281132}"
EndProject
Project("{9A19103F-16F7-4668-BE54-9A1E7A4F7556}") = "MinimalApi", "src\WebUI\MinimalApi\MinimalApi.csproj", "{9824DAFA-132E-430F-BAC3-BE24EE0FB380}"
EndProject
Project("{9A19103F-16F7-4668-BE54-9A1E7A4F7556}") = "MinimalApiTemplate.Tests", "tests\MinimalApiTemplate.Tests.csproj", "{474C43AA-05BF-4B95-8A22-2926510C8900}"
EndProject
Project("{2150E333-8FDC-42A3-9474-1A3956D46DE8}") = "tests", "tests", "{1BC3CA37-1D86-4BB5-9AA5-F273C1A24FBF}"
EndProject
Project("{2150E333-8FDC-42A3-9474-1A3956D46DE8}") = "src", "src", "{B910998E-F668-4017-8D53-FB8F0CFA11BB}"
EndProject
Project("{2150E333-8FDC-42A3-9474-1A3956D46DE8}") = "Domain", "Domain", "{AA4199C8-1F6D-4174-AE1A-2F678897D899}"
EndProject
Project("{2150E333-8FDC-42A3-9474-1A3956D46DE8}") = "Infrastructure", "Infrastructure", "{B04529CD-5C3E-4E3D-BC0B-204CD1C7C757}"
EndProject
Project("{2150E333-8FDC-42A3-9474-1A3956D46DE8}") = "WebUI", "WebUI", "{A58D2F00-F30B-4DE1-9858-B678AA8330FA}"
EndProject
Project("{2150E333-8FDC-42A3-9474-1A3956D46DE8}") = "Service", "Service", "{26047884-0941-4C68-9AA9-012721C5710F}"
EndProject
Project("{2150E333-8FDC-42A3-9474-1A3956D46DE8}") = "MinimalApi", "MinimalApi", "{EF4CC3CD-A2CF-4DDE-BCE1-5FD021328E58}"
EndProject
Global
	GlobalSection(SolutionConfigurationPlatforms) = preSolution
		Debug|Any CPU = Debug|Any CPU
		Release|Any CPU = Release|Any CPU
	EndGlobalSection
	GlobalSection(ProjectConfigurationPlatforms) = postSolution
		{E383FD7A-AB61-4C00-A863-D615519858BC}.Debug|Any CPU.ActiveCfg = Debug|Any CPU
		{E383FD7A-AB61-4C00-A863-D615519858BC}.Debug|Any CPU.Build.0 = Debug|Any CPU
		{E383FD7A-AB61-4C00-A863-D615519858BC}.Release|Any CPU.ActiveCfg = Release|Any CPU
		{E383FD7A-AB61-4C00-A863-D615519858BC}.Release|Any CPU.Build.0 = Release|Any CPU
		{EBF4392D-420C-4DE1-8A57-A4F5556EEAF0}.Debug|Any CPU.ActiveCfg = Debug|Any CPU
		{EBF4392D-420C-4DE1-8A57-A4F5556EEAF0}.Debug|Any CPU.Build.0 = Debug|Any CPU
		{EBF4392D-420C-4DE1-8A57-A4F5556EEAF0}.Release|Any CPU.ActiveCfg = Release|Any CPU
		{EBF4392D-420C-4DE1-8A57-A4F5556EEAF0}.Release|Any CPU.Build.0 = Release|Any CPU
		{6FF353D4-FE01-4732-B914-18B85C281132}.Debug|Any CPU.ActiveCfg = Debug|Any CPU
		{6FF353D4-FE01-4732-B914-18B85C281132}.Debug|Any CPU.Build.0 = Debug|Any CPU
		{6FF353D4-FE01-4732-B914-18B85C281132}.Release|Any CPU.ActiveCfg = Release|Any CPU
		{6FF353D4-FE01-4732-B914-18B85C281132}.Release|Any CPU.Build.0 = Release|Any CPU
		{9824DAFA-132E-430F-BAC3-BE24EE0FB380}.Debug|Any CPU.ActiveCfg = Debug|Any CPU
		{9824DAFA-132E-430F-BAC3-BE24EE0FB380}.Debug|Any CPU.Build.0 = Debug|Any CPU
		{9824DAFA-132E-430F-BAC3-BE24EE0FB380}.Release|Any CPU.ActiveCfg = Release|Any CPU
		{9824DAFA-132E-430F-BAC3-BE24EE0FB380}.Release|Any CPU.Build.0 = Release|Any CPU
		{474C43AA-05BF-4B95-8A22-2926510C8900}.Debug|Any CPU.ActiveCfg = Debug|Any CPU
		{474C43AA-05BF-4B95-8A22-2926510C8900}.Debug|Any CPU.Build.0 = Debug|Any CPU
		{474C43AA-05BF-4B95-8A22-2926510C8900}.Release|Any CPU.ActiveCfg = Release|Any CPU
		{474C43AA-05BF-4B95-8A22-2926510C8900}.Release|Any CPU.Build.0 = Release|Any CPU
	EndGlobalSection
	GlobalSection(SolutionProperties) = preSolution
		HideSolutionNode = FALSE
	EndGlobalSection
	GlobalSection(NestedProjects) = preSolution
		{E383FD7A-AB61-4C00-A863-D615519858BC} = {AA4199C8-1F6D-4174-AE1A-2F678897D899}
		{EBF4392D-420C-4DE1-8A57-A4F5556EEAF0} = {B04529CD-5C3E-4E3D-BC0B-204CD1C7C757}
		{6FF353D4-FE01-4732-B914-18B85C281132} = {26047884-0941-4C68-9AA9-012721C5710F}
		{9824DAFA-132E-430F-BAC3-BE24EE0FB380} = {EF4CC3CD-A2CF-4DDE-BCE1-5FD021328E58}
		{474C43AA-05BF-4B95-8A22-2926510C8900} = {1BC3CA37-1D86-4BB5-9AA5-F273C1A24FBF}
		{AA4199C8-1F6D-4174-AE1A-2F678897D899} = {B910998E-F668-4017-8D53-FB8F0CFA11BB}
		{B04529CD-5C3E-4E3D-BC0B-204CD1C7C757} = {B910998E-F668-4017-8D53-FB8F0CFA11BB}
		{A58D2F00-F30B-4DE1-9858-B678AA8330FA} = {B910998E-F668-4017-8D53-FB8F0CFA11BB}
		{26047884-0941-4C68-9AA9-012721C5710F} = {B910998E-F668-4017-8D53-FB8F0CFA11BB}
		{EF4CC3CD-A2CF-4DDE-BCE1-5FD021328E58} = {A58D2F00-F30B-4DE1-9858-B678AA8330FA}
	EndGlobalSection
EndGlobal
